
Microsoft Visual Studio Solution File, Format Version 12.00
# Visual Studio 14
VisualStudioVersion = 14.0.25420.1
MinimumVisualStudioVersion = 10.0.40219.1
Project("{FAE04EC0-301F-11D3-BF4B-00C04F79EFBC}") = "Akokina", "Akokina\Akokina\Akokina.csproj", "{8084B069-6F56-4170-BB22-A7A809D912FC}"
EndProject
Project("{FAE04EC0-301F-11D3-BF4B-00C04F79EFBC}") = "Akokina.Droid", "Akokina\Akokina.Droid\Akokina.Droid.csproj", "{5F0145B0-2FBD-4206-93F0-ADADA4456903}"
EndProject
Project("{FAE04EC0-301F-11D3-BF4B-00C04F79EFBC}") = "Akokina.iOS", "Akokina\Akokina.iOS\Akokina.iOS.csproj", "{9C65A917-951B-4BAF-B640-7E52324930C9}"
EndProject
Project("{FAE04EC0-301F-11D3-BF4B-00C04F79EFBC}") = "Akokina.WinPhone", "Akokina\Akokina.WinPhone\Akokina.WinPhone.csproj", "{7216E1B5-6707-4216-A8DB-3EF31E4F3F3A}"
EndProject
Project("{FAE04EC0-301F-11D3-BF4B-00C04F79EFBC}") = "Akokina.UWP", "Akokina\Akokina.UWP\Akokina.UWP.csproj", "{897F53A0-3897-447E-9508-3C2FD7A4DE4C}"
EndProject
Project("{FAE04EC0-301F-11D3-BF4B-00C04F79EFBC}") = "Akokina.Windows", "Akokina\Akokina.Windows\Akokina.Windows.csproj", "{E32BC4A2-5355-4AAA-8652-A2E1891DF963}"
EndProject
Project("{FAE04EC0-301F-11D3-BF4B-00C04F79EFBC}") = "Akokina.Data", "Akokina.Data\Akokina.Data.csproj", "{67F9D3A8-F71E-4428-913F-C37AE82CDB24}"
EndProject
Project("{FAE04EC0-301F-11D3-BF4B-00C04F79EFBC}") = "Akokina.Data.Tests", "Akokina.Data.Tests\Akokina.Data.Tests.csproj", "{2E8EB22E-40D3-40D5-8789-C9E3FB3A660E}"
EndProject
Global
	GlobalSection(SolutionConfigurationPlatforms) = preSolution
		Ad-Hoc|Any CPU = Ad-Hoc|Any CPU
		Ad-Hoc|ARM = Ad-Hoc|ARM
		Ad-Hoc|iPhone = Ad-Hoc|iPhone
		Ad-Hoc|iPhoneSimulator = Ad-Hoc|iPhoneSimulator
		Ad-Hoc|x64 = Ad-Hoc|x64
		Ad-Hoc|x86 = Ad-Hoc|x86
		AppStore|Any CPU = AppStore|Any CPU
		AppStore|ARM = AppStore|ARM
		AppStore|iPhone = AppStore|iPhone
		AppStore|iPhoneSimulator = AppStore|iPhoneSimulator
		AppStore|x64 = AppStore|x64
		AppStore|x86 = AppStore|x86
		Debug|Any CPU = Debug|Any CPU
		Debug|ARM = Debug|ARM
		Debug|iPhone = Debug|iPhone
		Debug|iPhoneSimulator = Debug|iPhoneSimulator
		Debug|x64 = Debug|x64
		Debug|x86 = Debug|x86
		Release|Any CPU = Release|Any CPU
		Release|ARM = Release|ARM
		Release|iPhone = Release|iPhone
		Release|iPhoneSimulator = Release|iPhoneSimulator
		Release|x64 = Release|x64
		Release|x86 = Release|x86
	EndGlobalSection
	GlobalSection(ProjectConfigurationPlatforms) = postSolution
		{8084B069-6F56-4170-BB22-A7A809D912FC}.Ad-Hoc|Any CPU.ActiveCfg = Release|Any CPU
		{8084B069-6F56-4170-BB22-A7A809D912FC}.Ad-Hoc|Any CPU.Build.0 = Release|Any CPU
		{8084B069-6F56-4170-BB22-A7A809D912FC}.Ad-Hoc|ARM.ActiveCfg = Release|Any CPU
		{8084B069-6F56-4170-BB22-A7A809D912FC}.Ad-Hoc|ARM.Build.0 = Release|Any CPU
		{8084B069-6F56-4170-BB22-A7A809D912FC}.Ad-Hoc|iPhone.ActiveCfg = Release|Any CPU
		{8084B069-6F56-4170-BB22-A7A809D912FC}.Ad-Hoc|iPhone.Build.0 = Release|Any CPU
		{8084B069-6F56-4170-BB22-A7A809D912FC}.Ad-Hoc|iPhoneSimulator.ActiveCfg = Release|Any CPU
		{8084B069-6F56-4170-BB22-A7A809D912FC}.Ad-Hoc|iPhoneSimulator.Build.0 = Release|Any CPU
		{8084B069-6F56-4170-BB22-A7A809D912FC}.Ad-Hoc|x64.ActiveCfg = Release|Any CPU
		{8084B069-6F56-4170-BB22-A7A809D912FC}.Ad-Hoc|x64.Build.0 = Release|Any CPU
		{8084B069-6F56-4170-BB22-A7A809D912FC}.Ad-Hoc|x86.ActiveCfg = Release|Any CPU
		{8084B069-6F56-4170-BB22-A7A809D912FC}.Ad-Hoc|x86.Build.0 = Release|Any CPU
		{8084B069-6F56-4170-BB22-A7A809D912FC}.AppStore|Any CPU.ActiveCfg = Release|Any CPU
		{8084B069-6F56-4170-BB22-A7A809D912FC}.AppStore|Any CPU.Build.0 = Release|Any CPU
		{8084B069-6F56-4170-BB22-A7A809D912FC}.AppStore|ARM.ActiveCfg = Release|Any CPU
		{8084B069-6F56-4170-BB22-A7A809D912FC}.AppStore|ARM.Build.0 = Release|Any CPU
		{8084B069-6F56-4170-BB22-A7A809D912FC}.AppStore|iPhone.ActiveCfg = Release|Any CPU
		{8084B069-6F56-4170-BB22-A7A809D912FC}.AppStore|iPhone.Build.0 = Release|Any CPU
		{8084B069-6F56-4170-BB22-A7A809D912FC}.AppStore|iPhoneSimulator.ActiveCfg = Release|Any CPU
		{8084B069-6F56-4170-BB22-A7A809D912FC}.AppStore|iPhoneSimulator.Build.0 = Release|Any CPU
		{8084B069-6F56-4170-BB22-A7A809D912FC}.AppStore|x64.ActiveCfg = Release|Any CPU
		{8084B069-6F56-4170-BB22-A7A809D912FC}.AppStore|x64.Build.0 = Release|Any CPU
		{8084B069-6F56-4170-BB22-A7A809D912FC}.AppStore|x86.ActiveCfg = Release|Any CPU
		{8084B069-6F56-4170-BB22-A7A809D912FC}.AppStore|x86.Build.0 = Release|Any CPU
		{8084B069-6F56-4170-BB22-A7A809D912FC}.Debug|Any CPU.ActiveCfg = Debug|Any CPU
		{8084B069-6F56-4170-BB22-A7A809D912FC}.Debug|Any CPU.Build.0 = Debug|Any CPU
		{8084B069-6F56-4170-BB22-A7A809D912FC}.Debug|ARM.ActiveCfg = Debug|Any CPU
		{8084B069-6F56-4170-BB22-A7A809D912FC}.Debug|ARM.Build.0 = Debug|Any CPU
		{8084B069-6F56-4170-BB22-A7A809D912FC}.Debug|iPhone.ActiveCfg = Debug|Any CPU
		{8084B069-6F56-4170-BB22-A7A809D912FC}.Debug|iPhone.Build.0 = Debug|Any CPU
		{8084B069-6F56-4170-BB22-A7A809D912FC}.Debug|iPhoneSimulator.ActiveCfg = Debug|Any CPU
		{8084B069-6F56-4170-BB22-A7A809D912FC}.Debug|iPhoneSimulator.Build.0 = Debug|Any CPU
		{8084B069-6F56-4170-BB22-A7A809D912FC}.Debug|x64.ActiveCfg = Debug|Any CPU
		{8084B069-6F56-4170-BB22-A7A809D912FC}.Debug|x64.Build.0 = Debug|Any CPU
		{8084B069-6F56-4170-BB22-A7A809D912FC}.Debug|x86.ActiveCfg = Debug|Any CPU
		{8084B069-6F56-4170-BB22-A7A809D912FC}.Debug|x86.Build.0 = Debug|Any CPU
		{8084B069-6F56-4170-BB22-A7A809D912FC}.Release|Any CPU.ActiveCfg = Release|Any CPU
		{8084B069-6F56-4170-BB22-A7A809D912FC}.Release|Any CPU.Build.0 = Release|Any CPU
		{8084B069-6F56-4170-BB22-A7A809D912FC}.Release|ARM.ActiveCfg = Release|Any CPU
		{8084B069-6F56-4170-BB22-A7A809D912FC}.Release|ARM.Build.0 = Release|Any CPU
		{8084B069-6F56-4170-BB22-A7A809D912FC}.Release|iPhone.ActiveCfg = Release|Any CPU
		{8084B069-6F56-4170-BB22-A7A809D912FC}.Release|iPhone.Build.0 = Release|Any CPU
		{8084B069-6F56-4170-BB22-A7A809D912FC}.Release|iPhoneSimulator.ActiveCfg = Release|Any CPU
		{8084B069-6F56-4170-BB22-A7A809D912FC}.Release|iPhoneSimulator.Build.0 = Release|Any CPU
		{8084B069-6F56-4170-BB22-A7A809D912FC}.Release|x64.ActiveCfg = Release|Any CPU
		{8084B069-6F56-4170-BB22-A7A809D912FC}.Release|x64.Build.0 = Release|Any CPU
		{8084B069-6F56-4170-BB22-A7A809D912FC}.Release|x86.ActiveCfg = Release|Any CPU
		{8084B069-6F56-4170-BB22-A7A809D912FC}.Release|x86.Build.0 = Release|Any CPU
		{5F0145B0-2FBD-4206-93F0-ADADA4456903}.Ad-Hoc|Any CPU.ActiveCfg = Release|Any CPU
		{5F0145B0-2FBD-4206-93F0-ADADA4456903}.Ad-Hoc|Any CPU.Build.0 = Release|Any CPU
		{5F0145B0-2FBD-4206-93F0-ADADA4456903}.Ad-Hoc|Any CPU.Deploy.0 = Release|Any CPU
		{5F0145B0-2FBD-4206-93F0-ADADA4456903}.Ad-Hoc|ARM.ActiveCfg = Release|Any CPU
		{5F0145B0-2FBD-4206-93F0-ADADA4456903}.Ad-Hoc|ARM.Build.0 = Release|Any CPU
		{5F0145B0-2FBD-4206-93F0-ADADA4456903}.Ad-Hoc|ARM.Deploy.0 = Release|Any CPU
		{5F0145B0-2FBD-4206-93F0-ADADA4456903}.Ad-Hoc|iPhone.ActiveCfg = Release|Any CPU
		{5F0145B0-2FBD-4206-93F0-ADADA4456903}.Ad-Hoc|iPhone.Build.0 = Release|Any CPU
		{5F0145B0-2FBD-4206-93F0-ADADA4456903}.Ad-Hoc|iPhone.Deploy.0 = Release|Any CPU
		{5F0145B0-2FBD-4206-93F0-ADADA4456903}.Ad-Hoc|iPhoneSimulator.ActiveCfg = Release|Any CPU
		{5F0145B0-2FBD-4206-93F0-ADADA4456903}.Ad-Hoc|iPhoneSimulator.Build.0 = Release|Any CPU
		{5F0145B0-2FBD-4206-93F0-ADADA4456903}.Ad-Hoc|iPhoneSimulator.Deploy.0 = Release|Any CPU
		{5F0145B0-2FBD-4206-93F0-ADADA4456903}.Ad-Hoc|x64.ActiveCfg = Release|Any CPU
		{5F0145B0-2FBD-4206-93F0-ADADA4456903}.Ad-Hoc|x64.Build.0 = Release|Any CPU
		{5F0145B0-2FBD-4206-93F0-ADADA4456903}.Ad-Hoc|x64.Deploy.0 = Release|Any CPU
		{5F0145B0-2FBD-4206-93F0-ADADA4456903}.Ad-Hoc|x86.ActiveCfg = Release|Any CPU
		{5F0145B0-2FBD-4206-93F0-ADADA4456903}.Ad-Hoc|x86.Build.0 = Release|Any CPU
		{5F0145B0-2FBD-4206-93F0-ADADA4456903}.Ad-Hoc|x86.Deploy.0 = Release|Any CPU
		{5F0145B0-2FBD-4206-93F0-ADADA4456903}.AppStore|Any CPU.ActiveCfg = Release|Any CPU
		{5F0145B0-2FBD-4206-93F0-ADADA4456903}.AppStore|Any CPU.Build.0 = Release|Any CPU
		{5F0145B0-2FBD-4206-93F0-ADADA4456903}.AppStore|Any CPU.Deploy.0 = Release|Any CPU
		{5F0145B0-2FBD-4206-93F0-ADADA4456903}.AppStore|ARM.ActiveCfg = Release|Any CPU
		{5F0145B0-2FBD-4206-93F0-ADADA4456903}.AppStore|ARM.Build.0 = Release|Any CPU
		{5F0145B0-2FBD-4206-93F0-ADADA4456903}.AppStore|ARM.Deploy.0 = Release|Any CPU
		{5F0145B0-2FBD-4206-93F0-ADADA4456903}.AppStore|iPhone.ActiveCfg = Release|Any CPU
		{5F0145B0-2FBD-4206-93F0-ADADA4456903}.AppStore|iPhone.Build.0 = Release|Any CPU
		{5F0145B0-2FBD-4206-93F0-ADADA4456903}.AppStore|iPhone.Deploy.0 = Release|Any CPU
		{5F0145B0-2FBD-4206-93F0-ADADA4456903}.AppStore|iPhoneSimulator.ActiveCfg = Release|Any CPU
		{5F0145B0-2FBD-4206-93F0-ADADA4456903}.AppStore|iPhoneSimulator.Build.0 = Release|Any CPU
		{5F0145B0-2FBD-4206-93F0-ADADA4456903}.AppStore|iPhoneSimulator.Deploy.0 = Release|Any CPU
		{5F0145B0-2FBD-4206-93F0-ADADA4456903}.AppStore|x64.ActiveCfg = Release|Any CPU
		{5F0145B0-2FBD-4206-93F0-ADADA4456903}.AppStore|x64.Build.0 = Release|Any CPU
		{5F0145B0-2FBD-4206-93F0-ADADA4456903}.AppStore|x64.Deploy.0 = Release|Any CPU
		{5F0145B0-2FBD-4206-93F0-ADADA4456903}.AppStore|x86.ActiveCfg = Release|Any CPU
		{5F0145B0-2FBD-4206-93F0-ADADA4456903}.AppStore|x86.Build.0 = Release|Any CPU
		{5F0145B0-2FBD-4206-93F0-ADADA4456903}.AppStore|x86.Deploy.0 = Release|Any CPU
		{5F0145B0-2FBD-4206-93F0-ADADA4456903}.Debug|Any CPU.ActiveCfg = Debug|Any CPU
		{5F0145B0-2FBD-4206-93F0-ADADA4456903}.Debug|Any CPU.Build.0 = Debug|Any CPU
		{5F0145B0-2FBD-4206-93F0-ADADA4456903}.Debug|Any CPU.Deploy.0 = Debug|Any CPU
		{5F0145B0-2FBD-4206-93F0-ADADA4456903}.Debug|ARM.ActiveCfg = Debug|Any CPU
		{5F0145B0-2FBD-4206-93F0-ADADA4456903}.Debug|ARM.Build.0 = Debug|Any CPU
		{5F0145B0-2FBD-4206-93F0-ADADA4456903}.Debug|ARM.Deploy.0 = Debug|Any CPU
		{5F0145B0-2FBD-4206-93F0-ADADA4456903}.Debug|iPhone.ActiveCfg = Debug|Any CPU
		{5F0145B0-2FBD-4206-93F0-ADADA4456903}.Debug|iPhone.Build.0 = Debug|Any CPU
		{5F0145B0-2FBD-4206-93F0-ADADA4456903}.Debug|iPhone.Deploy.0 = Debug|Any CPU
		{5F0145B0-2FBD-4206-93F0-ADADA4456903}.Debug|iPhoneSimulator.ActiveCfg = Debug|Any CPU
		{5F0145B0-2FBD-4206-93F0-ADADA4456903}.Debug|iPhoneSimulator.Build.0 = Debug|Any CPU
		{5F0145B0-2FBD-4206-93F0-ADADA4456903}.Debug|iPhoneSimulator.Deploy.0 = Debug|Any CPU
		{5F0145B0-2FBD-4206-93F0-ADADA4456903}.Debug|x64.ActiveCfg = Debug|Any CPU
		{5F0145B0-2FBD-4206-93F0-ADADA4456903}.Debug|x64.Build.0 = Debug|Any CPU
		{5F0145B0-2FBD-4206-93F0-ADADA4456903}.Debug|x64.Deploy.0 = Debug|Any CPU
		{5F0145B0-2FBD-4206-93F0-ADADA4456903}.Debug|x86.ActiveCfg = Debug|Any CPU
		{5F0145B0-2FBD-4206-93F0-ADADA4456903}.Debug|x86.Build.0 = Debug|Any CPU
		{5F0145B0-2FBD-4206-93F0-ADADA4456903}.Debug|x86.Deploy.0 = Debug|Any CPU
		{5F0145B0-2FBD-4206-93F0-ADADA4456903}.Release|Any CPU.ActiveCfg = Release|Any CPU
		{5F0145B0-2FBD-4206-93F0-ADADA4456903}.Release|Any CPU.Build.0 = Release|Any CPU
		{5F0145B0-2FBD-4206-93F0-ADADA4456903}.Release|Any CPU.Deploy.0 = Release|Any CPU
		{5F0145B0-2FBD-4206-93F0-ADADA4456903}.Release|ARM.ActiveCfg = Release|Any CPU
		{5F0145B0-2FBD-4206-93F0-ADADA4456903}.Release|ARM.Build.0 = Release|Any CPU
		{5F0145B0-2FBD-4206-93F0-ADADA4456903}.Release|ARM.Deploy.0 = Release|Any CPU
		{5F0145B0-2FBD-4206-93F0-ADADA4456903}.Release|iPhone.ActiveCfg = Release|Any CPU
		{5F0145B0-2FBD-4206-93F0-ADADA4456903}.Release|iPhone.Build.0 = Release|Any CPU
		{5F0145B0-2FBD-4206-93F0-ADADA4456903}.Release|iPhone.Deploy.0 = Release|Any CPU
		{5F0145B0-2FBD-4206-93F0-ADADA4456903}.Release|iPhoneSimulator.ActiveCfg = Release|Any CPU
		{5F0145B0-2FBD-4206-93F0-ADADA4456903}.Release|iPhoneSimulator.Build.0 = Release|Any CPU
		{5F0145B0-2FBD-4206-93F0-ADADA4456903}.Release|iPhoneSimulator.Deploy.0 = Release|Any CPU
		{5F0145B0-2FBD-4206-93F0-ADADA4456903}.Release|x64.ActiveCfg = Release|Any CPU
		{5F0145B0-2FBD-4206-93F0-ADADA4456903}.Release|x64.Build.0 = Release|Any CPU
		{5F0145B0-2FBD-4206-93F0-ADADA4456903}.Release|x64.Deploy.0 = Release|Any CPU
		{5F0145B0-2FBD-4206-93F0-ADADA4456903}.Release|x86.ActiveCfg = Release|Any CPU
		{5F0145B0-2FBD-4206-93F0-ADADA4456903}.Release|x86.Build.0 = Release|Any CPU
		{5F0145B0-2FBD-4206-93F0-ADADA4456903}.Release|x86.Deploy.0 = Release|Any CPU
		{9C65A917-951B-4BAF-B640-7E52324930C9}.Ad-Hoc|Any CPU.ActiveCfg = Ad-Hoc|iPhone
		{9C65A917-951B-4BAF-B640-7E52324930C9}.Ad-Hoc|ARM.ActiveCfg = Ad-Hoc|iPhone
		{9C65A917-951B-4BAF-B640-7E52324930C9}.Ad-Hoc|iPhone.ActiveCfg = Ad-Hoc|iPhone
		{9C65A917-951B-4BAF-B640-7E52324930C9}.Ad-Hoc|iPhone.Build.0 = Ad-Hoc|iPhone
		{9C65A917-951B-4BAF-B640-7E52324930C9}.Ad-Hoc|iPhoneSimulator.ActiveCfg = Ad-Hoc|iPhoneSimulator
		{9C65A917-951B-4BAF-B640-7E52324930C9}.Ad-Hoc|iPhoneSimulator.Build.0 = Ad-Hoc|iPhoneSimulator
		{9C65A917-951B-4BAF-B640-7E52324930C9}.Ad-Hoc|x64.ActiveCfg = Ad-Hoc|iPhone
		{9C65A917-951B-4BAF-B640-7E52324930C9}.Ad-Hoc|x86.ActiveCfg = Ad-Hoc|iPhone
		{9C65A917-951B-4BAF-B640-7E52324930C9}.AppStore|Any CPU.ActiveCfg = AppStore|iPhone
		{9C65A917-951B-4BAF-B640-7E52324930C9}.AppStore|ARM.ActiveCfg = AppStore|iPhone
		{9C65A917-951B-4BAF-B640-7E52324930C9}.AppStore|iPhone.ActiveCfg = AppStore|iPhone
		{9C65A917-951B-4BAF-B640-7E52324930C9}.AppStore|iPhone.Build.0 = AppStore|iPhone
		{9C65A917-951B-4BAF-B640-7E52324930C9}.AppStore|iPhoneSimulator.ActiveCfg = AppStore|iPhoneSimulator
		{9C65A917-951B-4BAF-B640-7E52324930C9}.AppStore|iPhoneSimulator.Build.0 = AppStore|iPhoneSimulator
		{9C65A917-951B-4BAF-B640-7E52324930C9}.AppStore|x64.ActiveCfg = AppStore|iPhone
		{9C65A917-951B-4BAF-B640-7E52324930C9}.AppStore|x86.ActiveCfg = AppStore|iPhone
		{9C65A917-951B-4BAF-B640-7E52324930C9}.Debug|Any CPU.ActiveCfg = Debug|iPhone
		{9C65A917-951B-4BAF-B640-7E52324930C9}.Debug|ARM.ActiveCfg = Debug|iPhone
		{9C65A917-951B-4BAF-B640-7E52324930C9}.Debug|iPhone.ActiveCfg = Debug|iPhone
		{9C65A917-951B-4BAF-B640-7E52324930C9}.Debug|iPhone.Build.0 = Debug|iPhone
		{9C65A917-951B-4BAF-B640-7E52324930C9}.Debug|iPhoneSimulator.ActiveCfg = Debug|iPhoneSimulator
		{9C65A917-951B-4BAF-B640-7E52324930C9}.Debug|iPhoneSimulator.Build.0 = Debug|iPhoneSimulator
		{9C65A917-951B-4BAF-B640-7E52324930C9}.Debug|x64.ActiveCfg = Debug|iPhone
		{9C65A917-951B-4BAF-B640-7E52324930C9}.Debug|x86.ActiveCfg = Debug|iPhone
		{9C65A917-951B-4BAF-B640-7E52324930C9}.Release|Any CPU.ActiveCfg = Release|iPhone
		{9C65A917-951B-4BAF-B640-7E52324930C9}.Release|ARM.ActiveCfg = Release|iPhone
		{9C65A917-951B-4BAF-B640-7E52324930C9}.Release|iPhone.ActiveCfg = Release|iPhone
		{9C65A917-951B-4BAF-B640-7E52324930C9}.Release|iPhone.Build.0 = Release|iPhone
		{9C65A917-951B-4BAF-B640-7E52324930C9}.Release|iPhoneSimulator.ActiveCfg = Release|iPhoneSimulator
		{9C65A917-951B-4BAF-B640-7E52324930C9}.Release|iPhoneSimulator.Build.0 = Release|iPhoneSimulator
		{9C65A917-951B-4BAF-B640-7E52324930C9}.Release|x64.ActiveCfg = Release|iPhone
		{9C65A917-951B-4BAF-B640-7E52324930C9}.Release|x86.ActiveCfg = Release|iPhone
		{7216E1B5-6707-4216-A8DB-3EF31E4F3F3A}.Ad-Hoc|Any CPU.ActiveCfg = Release|Any CPU
		{7216E1B5-6707-4216-A8DB-3EF31E4F3F3A}.Ad-Hoc|Any CPU.Build.0 = Release|Any CPU
		{7216E1B5-6707-4216-A8DB-3EF31E4F3F3A}.Ad-Hoc|Any CPU.Deploy.0 = Release|Any CPU
		{7216E1B5-6707-4216-A8DB-3EF31E4F3F3A}.Ad-Hoc|ARM.ActiveCfg = Release|ARM
		{7216E1B5-6707-4216-A8DB-3EF31E4F3F3A}.Ad-Hoc|ARM.Build.0 = Release|ARM
		{7216E1B5-6707-4216-A8DB-3EF31E4F3F3A}.Ad-Hoc|ARM.Deploy.0 = Release|ARM
		{7216E1B5-6707-4216-A8DB-3EF31E4F3F3A}.Ad-Hoc|iPhone.ActiveCfg = Release|Any CPU
		{7216E1B5-6707-4216-A8DB-3EF31E4F3F3A}.Ad-Hoc|iPhone.Build.0 = Release|Any CPU
		{7216E1B5-6707-4216-A8DB-3EF31E4F3F3A}.Ad-Hoc|iPhone.Deploy.0 = Release|Any CPU
		{7216E1B5-6707-4216-A8DB-3EF31E4F3F3A}.Ad-Hoc|iPhoneSimulator.ActiveCfg = Release|Any CPU
		{7216E1B5-6707-4216-A8DB-3EF31E4F3F3A}.Ad-Hoc|iPhoneSimulator.Build.0 = Release|Any CPU
		{7216E1B5-6707-4216-A8DB-3EF31E4F3F3A}.Ad-Hoc|iPhoneSimulator.Deploy.0 = Release|Any CPU
		{7216E1B5-6707-4216-A8DB-3EF31E4F3F3A}.Ad-Hoc|x64.ActiveCfg = Release|Any CPU
		{7216E1B5-6707-4216-A8DB-3EF31E4F3F3A}.Ad-Hoc|x64.Build.0 = Release|Any CPU
		{7216E1B5-6707-4216-A8DB-3EF31E4F3F3A}.Ad-Hoc|x64.Deploy.0 = Release|Any CPU
		{7216E1B5-6707-4216-A8DB-3EF31E4F3F3A}.Ad-Hoc|x86.ActiveCfg = Release|x86
		{7216E1B5-6707-4216-A8DB-3EF31E4F3F3A}.Ad-Hoc|x86.Build.0 = Release|x86
		{7216E1B5-6707-4216-A8DB-3EF31E4F3F3A}.Ad-Hoc|x86.Deploy.0 = Release|x86
		{7216E1B5-6707-4216-A8DB-3EF31E4F3F3A}.AppStore|Any CPU.ActiveCfg = Release|Any CPU
		{7216E1B5-6707-4216-A8DB-3EF31E4F3F3A}.AppStore|Any CPU.Build.0 = Release|Any CPU
		{7216E1B5-6707-4216-A8DB-3EF31E4F3F3A}.AppStore|Any CPU.Deploy.0 = Release|Any CPU
		{7216E1B5-6707-4216-A8DB-3EF31E4F3F3A}.AppStore|ARM.ActiveCfg = Release|ARM
		{7216E1B5-6707-4216-A8DB-3EF31E4F3F3A}.AppStore|ARM.Build.0 = Release|ARM
		{7216E1B5-6707-4216-A8DB-3EF31E4F3F3A}.AppStore|ARM.Deploy.0 = Release|ARM
		{7216E1B5-6707-4216-A8DB-3EF31E4F3F3A}.AppStore|iPhone.ActiveCfg = Release|Any CPU
		{7216E1B5-6707-4216-A8DB-3EF31E4F3F3A}.AppStore|iPhone.Build.0 = Release|Any CPU
		{7216E1B5-6707-4216-A8DB-3EF31E4F3F3A}.AppStore|iPhone.Deploy.0 = Release|Any CPU
		{7216E1B5-6707-4216-A8DB-3EF31E4F3F3A}.AppStore|iPhoneSimulator.ActiveCfg = Release|Any CPU
		{7216E1B5-6707-4216-A8DB-3EF31E4F3F3A}.AppStore|iPhoneSimulator.Build.0 = Release|Any CPU
		{7216E1B5-6707-4216-A8DB-3EF31E4F3F3A}.AppStore|iPhoneSimulator.Deploy.0 = Release|Any CPU
		{7216E1B5-6707-4216-A8DB-3EF31E4F3F3A}.AppStore|x64.ActiveCfg = Release|Any CPU
		{7216E1B5-6707-4216-A8DB-3EF31E4F3F3A}.AppStore|x64.Build.0 = Release|Any CPU
		{7216E1B5-6707-4216-A8DB-3EF31E4F3F3A}.AppStore|x64.Deploy.0 = Release|Any CPU
		{7216E1B5-6707-4216-A8DB-3EF31E4F3F3A}.AppStore|x86.ActiveCfg = Release|x86
		{7216E1B5-6707-4216-A8DB-3EF31E4F3F3A}.AppStore|x86.Build.0 = Release|x86
		{7216E1B5-6707-4216-A8DB-3EF31E4F3F3A}.AppStore|x86.Deploy.0 = Release|x86
		{7216E1B5-6707-4216-A8DB-3EF31E4F3F3A}.Debug|Any CPU.ActiveCfg = Debug|Any CPU
		{7216E1B5-6707-4216-A8DB-3EF31E4F3F3A}.Debug|Any CPU.Build.0 = Debug|Any CPU
		{7216E1B5-6707-4216-A8DB-3EF31E4F3F3A}.Debug|Any CPU.Deploy.0 = Debug|Any CPU
		{7216E1B5-6707-4216-A8DB-3EF31E4F3F3A}.Debug|ARM.ActiveCfg = Debug|ARM
		{7216E1B5-6707-4216-A8DB-3EF31E4F3F3A}.Debug|ARM.Build.0 = Debug|ARM
		{7216E1B5-6707-4216-A8DB-3EF31E4F3F3A}.Debug|ARM.Deploy.0 = Debug|ARM
		{7216E1B5-6707-4216-A8DB-3EF31E4F3F3A}.Debug|iPhone.ActiveCfg = Debug|Any CPU
		{7216E1B5-6707-4216-A8DB-3EF31E4F3F3A}.Debug|iPhone.Build.0 = Debug|Any CPU
		{7216E1B5-6707-4216-A8DB-3EF31E4F3F3A}.Debug|iPhone.Deploy.0 = Debug|Any CPU
		{7216E1B5-6707-4216-A8DB-3EF31E4F3F3A}.Debug|iPhoneSimulator.ActiveCfg = Debug|Any CPU
		{7216E1B5-6707-4216-A8DB-3EF31E4F3F3A}.Debug|iPhoneSimulator.Build.0 = Debug|Any CPU
		{7216E1B5-6707-4216-A8DB-3EF31E4F3F3A}.Debug|iPhoneSimulator.Deploy.0 = Debug|Any CPU
		{7216E1B5-6707-4216-A8DB-3EF31E4F3F3A}.Debug|x64.ActiveCfg = Debug|Any CPU
		{7216E1B5-6707-4216-A8DB-3EF31E4F3F3A}.Debug|x64.Build.0 = Debug|Any CPU
		{7216E1B5-6707-4216-A8DB-3EF31E4F3F3A}.Debug|x64.Deploy.0 = Debug|Any CPU
		{7216E1B5-6707-4216-A8DB-3EF31E4F3F3A}.Debug|x86.ActiveCfg = Debug|x86
		{7216E1B5-6707-4216-A8DB-3EF31E4F3F3A}.Debug|x86.Build.0 = Debug|x86
		{7216E1B5-6707-4216-A8DB-3EF31E4F3F3A}.Debug|x86.Deploy.0 = Debug|x86
		{7216E1B5-6707-4216-A8DB-3EF31E4F3F3A}.Release|Any CPU.ActiveCfg = Release|Any CPU
		{7216E1B5-6707-4216-A8DB-3EF31E4F3F3A}.Release|Any CPU.Build.0 = Release|Any CPU
		{7216E1B5-6707-4216-A8DB-3EF31E4F3F3A}.Release|Any CPU.Deploy.0 = Release|Any CPU
		{7216E1B5-6707-4216-A8DB-3EF31E4F3F3A}.Release|ARM.ActiveCfg = Release|ARM
		{7216E1B5-6707-4216-A8DB-3EF31E4F3F3A}.Release|ARM.Build.0 = Release|ARM
		{7216E1B5-6707-4216-A8DB-3EF31E4F3F3A}.Release|ARM.Deploy.0 = Release|ARM
		{7216E1B5-6707-4216-A8DB-3EF31E4F3F3A}.Release|iPhone.ActiveCfg = Release|Any CPU
		{7216E1B5-6707-4216-A8DB-3EF31E4F3F3A}.Release|iPhone.Build.0 = Release|Any CPU
		{7216E1B5-6707-4216-A8DB-3EF31E4F3F3A}.Release|iPhone.Deploy.0 = Release|Any CPU
		{7216E1B5-6707-4216-A8DB-3EF31E4F3F3A}.Release|iPhoneSimulator.ActiveCfg = Release|Any CPU
		{7216E1B5-6707-4216-A8DB-3EF31E4F3F3A}.Release|iPhoneSimulator.Build.0 = Release|Any CPU
		{7216E1B5-6707-4216-A8DB-3EF31E4F3F3A}.Release|iPhoneSimulator.Deploy.0 = Release|Any CPU
		{7216E1B5-6707-4216-A8DB-3EF31E4F3F3A}.Release|x64.ActiveCfg = Release|Any CPU
		{7216E1B5-6707-4216-A8DB-3EF31E4F3F3A}.Release|x64.Build.0 = Release|Any CPU
		{7216E1B5-6707-4216-A8DB-3EF31E4F3F3A}.Release|x64.Deploy.0 = Release|Any CPU
		{7216E1B5-6707-4216-A8DB-3EF31E4F3F3A}.Release|x86.ActiveCfg = Release|x86
		{7216E1B5-6707-4216-A8DB-3EF31E4F3F3A}.Release|x86.Build.0 = Release|x86
		{7216E1B5-6707-4216-A8DB-3EF31E4F3F3A}.Release|x86.Deploy.0 = Release|x86
		{897F53A0-3897-447E-9508-3C2FD7A4DE4C}.Ad-Hoc|Any CPU.ActiveCfg = Release|x86
		{897F53A0-3897-447E-9508-3C2FD7A4DE4C}.Ad-Hoc|Any CPU.Build.0 = Release|x86
		{897F53A0-3897-447E-9508-3C2FD7A4DE4C}.Ad-Hoc|Any CPU.Deploy.0 = Release|x86
		{897F53A0-3897-447E-9508-3C2FD7A4DE4C}.Ad-Hoc|ARM.ActiveCfg = Release|ARM
		{897F53A0-3897-447E-9508-3C2FD7A4DE4C}.Ad-Hoc|ARM.Build.0 = Release|ARM
		{897F53A0-3897-447E-9508-3C2FD7A4DE4C}.Ad-Hoc|ARM.Deploy.0 = Release|ARM
		{897F53A0-3897-447E-9508-3C2FD7A4DE4C}.Ad-Hoc|iPhone.ActiveCfg = Release|x86
		{897F53A0-3897-447E-9508-3C2FD7A4DE4C}.Ad-Hoc|iPhone.Build.0 = Release|x86
		{897F53A0-3897-447E-9508-3C2FD7A4DE4C}.Ad-Hoc|iPhone.Deploy.0 = Release|x86
		{897F53A0-3897-447E-9508-3C2FD7A4DE4C}.Ad-Hoc|iPhoneSimulator.ActiveCfg = Release|x86
		{897F53A0-3897-447E-9508-3C2FD7A4DE4C}.Ad-Hoc|iPhoneSimulator.Build.0 = Release|x86
		{897F53A0-3897-447E-9508-3C2FD7A4DE4C}.Ad-Hoc|iPhoneSimulator.Deploy.0 = Release|x86
		{897F53A0-3897-447E-9508-3C2FD7A4DE4C}.Ad-Hoc|x64.ActiveCfg = Release|x64
		{897F53A0-3897-447E-9508-3C2FD7A4DE4C}.Ad-Hoc|x64.Build.0 = Release|x64
		{897F53A0-3897-447E-9508-3C2FD7A4DE4C}.Ad-Hoc|x64.Deploy.0 = Release|x64
		{897F53A0-3897-447E-9508-3C2FD7A4DE4C}.Ad-Hoc|x86.ActiveCfg = Release|x86
		{897F53A0-3897-447E-9508-3C2FD7A4DE4C}.Ad-Hoc|x86.Build.0 = Release|x86
		{897F53A0-3897-447E-9508-3C2FD7A4DE4C}.Ad-Hoc|x86.Deploy.0 = Release|x86
		{897F53A0-3897-447E-9508-3C2FD7A4DE4C}.AppStore|Any CPU.ActiveCfg = Release|x86
		{897F53A0-3897-447E-9508-3C2FD7A4DE4C}.AppStore|Any CPU.Build.0 = Release|x86
		{897F53A0-3897-447E-9508-3C2FD7A4DE4C}.AppStore|Any CPU.Deploy.0 = Release|x86
		{897F53A0-3897-447E-9508-3C2FD7A4DE4C}.AppStore|ARM.ActiveCfg = Release|ARM
		{897F53A0-3897-447E-9508-3C2FD7A4DE4C}.AppStore|ARM.Build.0 = Release|ARM
		{897F53A0-3897-447E-9508-3C2FD7A4DE4C}.AppStore|ARM.Deploy.0 = Release|ARM
		{897F53A0-3897-447E-9508-3C2FD7A4DE4C}.AppStore|iPhone.ActiveCfg = Release|x86
		{897F53A0-3897-447E-9508-3C2FD7A4DE4C}.AppStore|iPhone.Build.0 = Release|x86
		{897F53A0-3897-447E-9508-3C2FD7A4DE4C}.AppStore|iPhone.Deploy.0 = Release|x86
		{897F53A0-3897-447E-9508-3C2FD7A4DE4C}.AppStore|iPhoneSimulator.ActiveCfg = Release|x86
		{897F53A0-3897-447E-9508-3C2FD7A4DE4C}.AppStore|iPhoneSimulator.Build.0 = Release|x86
		{897F53A0-3897-447E-9508-3C2FD7A4DE4C}.AppStore|iPhoneSimulator.Deploy.0 = Release|x86
		{897F53A0-3897-447E-9508-3C2FD7A4DE4C}.AppStore|x64.ActiveCfg = Release|x64
		{897F53A0-3897-447E-9508-3C2FD7A4DE4C}.AppStore|x64.Build.0 = Release|x64
		{897F53A0-3897-447E-9508-3C2FD7A4DE4C}.AppStore|x64.Deploy.0 = Release|x64
		{897F53A0-3897-447E-9508-3C2FD7A4DE4C}.AppStore|x86.ActiveCfg = Release|x86
		{897F53A0-3897-447E-9508-3C2FD7A4DE4C}.AppStore|x86.Build.0 = Release|x86
		{897F53A0-3897-447E-9508-3C2FD7A4DE4C}.AppStore|x86.Deploy.0 = Release|x86
		{897F53A0-3897-447E-9508-3C2FD7A4DE4C}.Debug|Any CPU.ActiveCfg = Debug|x86
		{897F53A0-3897-447E-9508-3C2FD7A4DE4C}.Debug|Any CPU.Build.0 = Debug|x86
		{897F53A0-3897-447E-9508-3C2FD7A4DE4C}.Debug|ARM.ActiveCfg = Debug|ARM
		{897F53A0-3897-447E-9508-3C2FD7A4DE4C}.Debug|ARM.Build.0 = Debug|ARM
		{897F53A0-3897-447E-9508-3C2FD7A4DE4C}.Debug|ARM.Deploy.0 = Debug|ARM
		{897F53A0-3897-447E-9508-3C2FD7A4DE4C}.Debug|iPhone.ActiveCfg = Debug|x86
		{897F53A0-3897-447E-9508-3C2FD7A4DE4C}.Debug|iPhoneSimulator.ActiveCfg = Debug|x86
		{897F53A0-3897-447E-9508-3C2FD7A4DE4C}.Debug|x64.ActiveCfg = Debug|x64
		{897F53A0-3897-447E-9508-3C2FD7A4DE4C}.Debug|x64.Build.0 = Debug|x64
		{897F53A0-3897-447E-9508-3C2FD7A4DE4C}.Debug|x64.Deploy.0 = Debug|x64
		{897F53A0-3897-447E-9508-3C2FD7A4DE4C}.Debug|x86.ActiveCfg = Debug|x86
		{897F53A0-3897-447E-9508-3C2FD7A4DE4C}.Debug|x86.Build.0 = Debug|x86
		{897F53A0-3897-447E-9508-3C2FD7A4DE4C}.Debug|x86.Deploy.0 = Debug|x86
		{897F53A0-3897-447E-9508-3C2FD7A4DE4C}.Release|Any CPU.ActiveCfg = Release|x86
		{897F53A0-3897-447E-9508-3C2FD7A4DE4C}.Release|ARM.ActiveCfg = Release|ARM
		{897F53A0-3897-447E-9508-3C2FD7A4DE4C}.Release|ARM.Build.0 = Release|ARM
		{897F53A0-3897-447E-9508-3C2FD7A4DE4C}.Release|ARM.Deploy.0 = Release|ARM
		{897F53A0-3897-447E-9508-3C2FD7A4DE4C}.Release|iPhone.ActiveCfg = Release|x86
		{897F53A0-3897-447E-9508-3C2FD7A4DE4C}.Release|iPhoneSimulator.ActiveCfg = Release|x86
		{897F53A0-3897-447E-9508-3C2FD7A4DE4C}.Release|x64.ActiveCfg = Release|x64
		{897F53A0-3897-447E-9508-3C2FD7A4DE4C}.Release|x64.Build.0 = Release|x64
		{897F53A0-3897-447E-9508-3C2FD7A4DE4C}.Release|x64.Deploy.0 = Release|x64
		{897F53A0-3897-447E-9508-3C2FD7A4DE4C}.Release|x86.ActiveCfg = Release|x86
		{897F53A0-3897-447E-9508-3C2FD7A4DE4C}.Release|x86.Build.0 = Release|x86
		{897F53A0-3897-447E-9508-3C2FD7A4DE4C}.Release|x86.Deploy.0 = Release|x86
		{E32BC4A2-5355-4AAA-8652-A2E1891DF963}.Ad-Hoc|Any CPU.ActiveCfg = Release|Any CPU
		{E32BC4A2-5355-4AAA-8652-A2E1891DF963}.Ad-Hoc|Any CPU.Build.0 = Release|Any CPU
		{E32BC4A2-5355-4AAA-8652-A2E1891DF963}.Ad-Hoc|Any CPU.Deploy.0 = Release|Any CPU
		{E32BC4A2-5355-4AAA-8652-A2E1891DF963}.Ad-Hoc|ARM.ActiveCfg = Release|ARM
		{E32BC4A2-5355-4AAA-8652-A2E1891DF963}.Ad-Hoc|ARM.Build.0 = Release|ARM
		{E32BC4A2-5355-4AAA-8652-A2E1891DF963}.Ad-Hoc|ARM.Deploy.0 = Release|ARM
		{E32BC4A2-5355-4AAA-8652-A2E1891DF963}.Ad-Hoc|iPhone.ActiveCfg = Release|Any CPU
		{E32BC4A2-5355-4AAA-8652-A2E1891DF963}.Ad-Hoc|iPhone.Build.0 = Release|Any CPU
		{E32BC4A2-5355-4AAA-8652-A2E1891DF963}.Ad-Hoc|iPhone.Deploy.0 = Release|Any CPU
		{E32BC4A2-5355-4AAA-8652-A2E1891DF963}.Ad-Hoc|iPhoneSimulator.ActiveCfg = Release|Any CPU
		{E32BC4A2-5355-4AAA-8652-A2E1891DF963}.Ad-Hoc|iPhoneSimulator.Build.0 = Release|Any CPU
		{E32BC4A2-5355-4AAA-8652-A2E1891DF963}.Ad-Hoc|iPhoneSimulator.Deploy.0 = Release|Any CPU
		{E32BC4A2-5355-4AAA-8652-A2E1891DF963}.Ad-Hoc|x64.ActiveCfg = Release|x64
		{E32BC4A2-5355-4AAA-8652-A2E1891DF963}.Ad-Hoc|x64.Build.0 = Release|x64
		{E32BC4A2-5355-4AAA-8652-A2E1891DF963}.Ad-Hoc|x64.Deploy.0 = Release|x64
		{E32BC4A2-5355-4AAA-8652-A2E1891DF963}.Ad-Hoc|x86.ActiveCfg = Release|x86
		{E32BC4A2-5355-4AAA-8652-A2E1891DF963}.Ad-Hoc|x86.Build.0 = Release|x86
		{E32BC4A2-5355-4AAA-8652-A2E1891DF963}.Ad-Hoc|x86.Deploy.0 = Release|x86
		{E32BC4A2-5355-4AAA-8652-A2E1891DF963}.AppStore|Any CPU.ActiveCfg = Release|Any CPU
		{E32BC4A2-5355-4AAA-8652-A2E1891DF963}.AppStore|Any CPU.Build.0 = Release|Any CPU
		{E32BC4A2-5355-4AAA-8652-A2E1891DF963}.AppStore|Any CPU.Deploy.0 = Release|Any CPU
		{E32BC4A2-5355-4AAA-8652-A2E1891DF963}.AppStore|ARM.ActiveCfg = Release|ARM
		{E32BC4A2-5355-4AAA-8652-A2E1891DF963}.AppStore|ARM.Build.0 = Release|ARM
		{E32BC4A2-5355-4AAA-8652-A2E1891DF963}.AppStore|ARM.Deploy.0 = Release|ARM
		{E32BC4A2-5355-4AAA-8652-A2E1891DF963}.AppStore|iPhone.ActiveCfg = Release|Any CPU
		{E32BC4A2-5355-4AAA-8652-A2E1891DF963}.AppStore|iPhone.Build.0 = Release|Any CPU
		{E32BC4A2-5355-4AAA-8652-A2E1891DF963}.AppStore|iPhone.Deploy.0 = Release|Any CPU
		{E32BC4A2-5355-4AAA-8652-A2E1891DF963}.AppStore|iPhoneSimulator.ActiveCfg = Release|Any CPU
		{E32BC4A2-5355-4AAA-8652-A2E1891DF963}.AppStore|iPhoneSimulator.Build.0 = Release|Any CPU
		{E32BC4A2-5355-4AAA-8652-A2E1891DF963}.AppStore|iPhoneSimulator.Deploy.0 = Release|Any CPU
		{E32BC4A2-5355-4AAA-8652-A2E1891DF963}.AppStore|x64.ActiveCfg = Release|x64
		{E32BC4A2-5355-4AAA-8652-A2E1891DF963}.AppStore|x64.Build.0 = Release|x64
		{E32BC4A2-5355-4AAA-8652-A2E1891DF963}.AppStore|x64.Deploy.0 = Release|x64
		{E32BC4A2-5355-4AAA-8652-A2E1891DF963}.AppStore|x86.ActiveCfg = Release|x86
		{E32BC4A2-5355-4AAA-8652-A2E1891DF963}.AppStore|x86.Build.0 = Release|x86
		{E32BC4A2-5355-4AAA-8652-A2E1891DF963}.AppStore|x86.Deploy.0 = Release|x86
		{E32BC4A2-5355-4AAA-8652-A2E1891DF963}.Debug|Any CPU.ActiveCfg = Debug|Any CPU
		{E32BC4A2-5355-4AAA-8652-A2E1891DF963}.Debug|Any CPU.Build.0 = Debug|Any CPU
		{E32BC4A2-5355-4AAA-8652-A2E1891DF963}.Debug|Any CPU.Deploy.0 = Debug|Any CPU
		{E32BC4A2-5355-4AAA-8652-A2E1891DF963}.Debug|ARM.ActiveCfg = Debug|ARM
		{E32BC4A2-5355-4AAA-8652-A2E1891DF963}.Debug|ARM.Build.0 = Debug|ARM
		{E32BC4A2-5355-4AAA-8652-A2E1891DF963}.Debug|ARM.Deploy.0 = Debug|ARM
		{E32BC4A2-5355-4AAA-8652-A2E1891DF963}.Debug|iPhone.ActiveCfg = Debug|Any CPU
		{E32BC4A2-5355-4AAA-8652-A2E1891DF963}.Debug|iPhone.Build.0 = Debug|Any CPU
		{E32BC4A2-5355-4AAA-8652-A2E1891DF963}.Debug|iPhone.Deploy.0 = Debug|Any CPU
		{E32BC4A2-5355-4AAA-8652-A2E1891DF963}.Debug|iPhoneSimulator.ActiveCfg = Debug|Any CPU
		{E32BC4A2-5355-4AAA-8652-A2E1891DF963}.Debug|iPhoneSimulator.Build.0 = Debug|Any CPU
		{E32BC4A2-5355-4AAA-8652-A2E1891DF963}.Debug|iPhoneSimulator.Deploy.0 = Debug|Any CPU
		{E32BC4A2-5355-4AAA-8652-A2E1891DF963}.Debug|x64.ActiveCfg = Debug|x64
		{E32BC4A2-5355-4AAA-8652-A2E1891DF963}.Debug|x64.Build.0 = Debug|x64
		{E32BC4A2-5355-4AAA-8652-A2E1891DF963}.Debug|x64.Deploy.0 = Debug|x64
		{E32BC4A2-5355-4AAA-8652-A2E1891DF963}.Debug|x86.ActiveCfg = Debug|x86
		{E32BC4A2-5355-4AAA-8652-A2E1891DF963}.Debug|x86.Build.0 = Debug|x86
		{E32BC4A2-5355-4AAA-8652-A2E1891DF963}.Debug|x86.Deploy.0 = Debug|x86
		{E32BC4A2-5355-4AAA-8652-A2E1891DF963}.Release|Any CPU.ActiveCfg = Release|Any CPU
		{E32BC4A2-5355-4AAA-8652-A2E1891DF963}.Release|Any CPU.Build.0 = Release|Any CPU
		{E32BC4A2-5355-4AAA-8652-A2E1891DF963}.Release|Any CPU.Deploy.0 = Release|Any CPU
		{E32BC4A2-5355-4AAA-8652-A2E1891DF963}.Release|ARM.ActiveCfg = Release|ARM
		{E32BC4A2-5355-4AAA-8652-A2E1891DF963}.Release|ARM.Build.0 = Release|ARM
		{E32BC4A2-5355-4AAA-8652-A2E1891DF963}.Release|ARM.Deploy.0 = Release|ARM
		{E32BC4A2-5355-4AAA-8652-A2E1891DF963}.Release|iPhone.ActiveCfg = Release|Any CPU
		{E32BC4A2-5355-4AAA-8652-A2E1891DF963}.Release|iPhone.Build.0 = Release|Any CPU
		{E32BC4A2-5355-4AAA-8652-A2E1891DF963}.Release|iPhone.Deploy.0 = Release|Any CPU
		{E32BC4A2-5355-4AAA-8652-A2E1891DF963}.Release|iPhoneSimulator.ActiveCfg = Release|Any CPU
		{E32BC4A2-5355-4AAA-8652-A2E1891DF963}.Release|iPhoneSimulator.Build.0 = Release|Any CPU
		{E32BC4A2-5355-4AAA-8652-A2E1891DF963}.Release|iPhoneSimulator.Deploy.0 = Release|Any CPU
		{E32BC4A2-5355-4AAA-8652-A2E1891DF963}.Release|x64.ActiveCfg = Release|x64
		{E32BC4A2-5355-4AAA-8652-A2E1891DF963}.Release|x64.Build.0 = Release|x64
		{E32BC4A2-5355-4AAA-8652-A2E1891DF963}.Release|x64.Deploy.0 = Release|x64
		{E32BC4A2-5355-4AAA-8652-A2E1891DF963}.Release|x86.ActiveCfg = Release|x86
		{E32BC4A2-5355-4AAA-8652-A2E1891DF963}.Release|x86.Build.0 = Release|x86
		{E32BC4A2-5355-4AAA-8652-A2E1891DF963}.Release|x86.Deploy.0 = Release|x86
		{67F9D3A8-F71E-4428-913F-C37AE82CDB24}.Ad-Hoc|Any CPU.ActiveCfg = Release|Any CPU
		{67F9D3A8-F71E-4428-913F-C37AE82CDB24}.Ad-Hoc|Any CPU.Build.0 = Release|Any CPU
		{67F9D3A8-F71E-4428-913F-C37AE82CDB24}.Ad-Hoc|ARM.ActiveCfg = Release|Any CPU
		{67F9D3A8-F71E-4428-913F-C37AE82CDB24}.Ad-Hoc|ARM.Build.0 = Release|Any CPU
		{67F9D3A8-F71E-4428-913F-C37AE82CDB24}.Ad-Hoc|iPhone.ActiveCfg = Release|Any CPU
		{67F9D3A8-F71E-4428-913F-C37AE82CDB24}.Ad-Hoc|iPhone.Build.0 = Release|Any CPU
		{67F9D3A8-F71E-4428-913F-C37AE82CDB24}.Ad-Hoc|iPhoneSimulator.ActiveCfg = Release|Any CPU
		{67F9D3A8-F71E-4428-913F-C37AE82CDB24}.Ad-Hoc|iPhoneSimulator.Build.0 = Release|Any CPU
		{67F9D3A8-F71E-4428-913F-C37AE82CDB24}.Ad-Hoc|x64.ActiveCfg = Release|Any CPU
		{67F9D3A8-F71E-4428-913F-C37AE82CDB24}.Ad-Hoc|x64.Build.0 = Release|Any CPU
		{67F9D3A8-F71E-4428-913F-C37AE82CDB24}.Ad-Hoc|x86.ActiveCfg = Release|Any CPU
		{67F9D3A8-F71E-4428-913F-C37AE82CDB24}.Ad-Hoc|x86.Build.0 = Release|Any CPU
		{67F9D3A8-F71E-4428-913F-C37AE82CDB24}.AppStore|Any CPU.ActiveCfg = Release|Any CPU
		{67F9D3A8-F71E-4428-913F-C37AE82CDB24}.AppStore|Any CPU.Build.0 = Release|Any CPU
		{67F9D3A8-F71E-4428-913F-C37AE82CDB24}.AppStore|ARM.ActiveCfg = Release|Any CPU
		{67F9D3A8-F71E-4428-913F-C37AE82CDB24}.AppStore|ARM.Build.0 = Release|Any CPU
		{67F9D3A8-F71E-4428-913F-C37AE82CDB24}.AppStore|iPhone.ActiveCfg = Release|Any CPU
		{67F9D3A8-F71E-4428-913F-C37AE82CDB24}.AppStore|iPhone.Build.0 = Release|Any CPU
		{67F9D3A8-F71E-4428-913F-C37AE82CDB24}.AppStore|iPhoneSimulator.ActiveCfg = Release|Any CPU
		{67F9D3A8-F71E-4428-913F-C37AE82CDB24}.AppStore|iPhoneSimulator.Build.0 = Release|Any CPU
		{67F9D3A8-F71E-4428-913F-C37AE82CDB24}.AppStore|x64.ActiveCfg = Release|Any CPU
		{67F9D3A8-F71E-4428-913F-C37AE82CDB24}.AppStore|x64.Build.0 = Release|Any CPU
		{67F9D3A8-F71E-4428-913F-C37AE82CDB24}.AppStore|x86.ActiveCfg = Release|Any CPU
		{67F9D3A8-F71E-4428-913F-C37AE82CDB24}.AppStore|x86.Build.0 = Release|Any CPU
		{67F9D3A8-F71E-4428-913F-C37AE82CDB24}.Debug|Any CPU.ActiveCfg = Debug|Any CPU
		{67F9D3A8-F71E-4428-913F-C37AE82CDB24}.Debug|Any CPU.Build.0 = Debug|Any CPU
		{67F9D3A8-F71E-4428-913F-C37AE82CDB24}.Debug|ARM.ActiveCfg = Debug|Any CPU
		{67F9D3A8-F71E-4428-913F-C37AE82CDB24}.Debug|ARM.Build.0 = Debug|Any CPU
		{67F9D3A8-F71E-4428-913F-C37AE82CDB24}.Debug|iPhone.ActiveCfg = Debug|Any CPU
		{67F9D3A8-F71E-4428-913F-C37AE82CDB24}.Debug|iPhone.Build.0 = Debug|Any CPU
		{67F9D3A8-F71E-4428-913F-C37AE82CDB24}.Debug|iPhoneSimulator.ActiveCfg = Debug|Any CPU
		{67F9D3A8-F71E-4428-913F-C37AE82CDB24}.Debug|iPhoneSimulator.Build.0 = Debug|Any CPU
		{67F9D3A8-F71E-4428-913F-C37AE82CDB24}.Debug|x64.ActiveCfg = Debug|Any CPU
		{67F9D3A8-F71E-4428-913F-C37AE82CDB24}.Debug|x64.Build.0 = Debug|Any CPU
		{67F9D3A8-F71E-4428-913F-C37AE82CDB24}.Debug|x86.ActiveCfg = Debug|Any CPU
		{67F9D3A8-F71E-4428-913F-C37AE82CDB24}.Debug|x86.Build.0 = Debug|Any CPU
		{67F9D3A8-F71E-4428-913F-C37AE82CDB24}.Release|Any CPU.ActiveCfg = Release|Any CPU
		{67F9D3A8-F71E-4428-913F-C37AE82CDB24}.Release|Any CPU.Build.0 = Release|Any CPU
		{67F9D3A8-F71E-4428-913F-C37AE82CDB24}.Release|ARM.ActiveCfg = Release|Any CPU
		{67F9D3A8-F71E-4428-913F-C37AE82CDB24}.Release|ARM.Build.0 = Release|Any CPU
		{67F9D3A8-F71E-4428-913F-C37AE82CDB24}.Release|iPhone.ActiveCfg = Release|Any CPU
		{67F9D3A8-F71E-4428-913F-C37AE82CDB24}.Release|iPhone.Build.0 = Release|Any CPU
		{67F9D3A8-F71E-4428-913F-C37AE82CDB24}.Release|iPhoneSimulator.ActiveCfg = Release|Any CPU
		{67F9D3A8-F71E-4428-913F-C37AE82CDB24}.Release|iPhoneSimulator.Build.0 = Release|Any CPU
		{67F9D3A8-F71E-4428-913F-C37AE82CDB24}.Release|x64.ActiveCfg = Release|Any CPU
		{67F9D3A8-F71E-4428-913F-C37AE82CDB24}.Release|x64.Build.0 = Release|Any CPU
		{67F9D3A8-F71E-4428-913F-C37AE82CDB24}.Release|x86.ActiveCfg = Release|Any CPU
		{67F9D3A8-F71E-4428-913F-C37AE82CDB24}.Release|x86.Build.0 = Release|Any CPU
		{2E8EB22E-40D3-40D5-8789-C9E3FB3A660E}.Ad-Hoc|Any CPU.ActiveCfg = Release|Any CPU
		{2E8EB22E-40D3-40D5-8789-C9E3FB3A660E}.Ad-Hoc|Any CPU.Build.0 = Release|Any CPU
		{2E8EB22E-40D3-40D5-8789-C9E3FB3A660E}.Ad-Hoc|ARM.ActiveCfg = Release|Any CPU
		{2E8EB22E-40D3-40D5-8789-C9E3FB3A660E}.Ad-Hoc|ARM.Build.0 = Release|Any CPU
		{2E8EB22E-40D3-40D5-8789-C9E3FB3A660E}.Ad-Hoc|iPhone.ActiveCfg = Release|Any CPU
		{2E8EB22E-40D3-40D5-8789-C9E3FB3A660E}.Ad-Hoc|iPhone.Build.0 = Release|Any CPU
		{2E8EB22E-40D3-40D5-8789-C9E3FB3A660E}.Ad-Hoc|iPhoneSimulator.ActiveCfg = Release|Any CPU
		{2E8EB22E-40D3-40D5-8789-C9E3FB3A660E}.Ad-Hoc|iPhoneSimulator.Build.0 = Release|Any CPU
		{2E8EB22E-40D3-40D5-8789-C9E3FB3A660E}.Ad-Hoc|x64.ActiveCfg = Release|Any CPU
		{2E8EB22E-40D3-40D5-8789-C9E3FB3A660E}.Ad-Hoc|x64.Build.0 = Release|Any CPU
		{2E8EB22E-40D3-40D5-8789-C9E3FB3A660E}.Ad-Hoc|x86.ActiveCfg = Release|Any CPU
		{2E8EB22E-40D3-40D5-8789-C9E3FB3A660E}.Ad-Hoc|x86.Build.0 = Release|Any CPU
		{2E8EB22E-40D3-40D5-8789-C9E3FB3A660E}.AppStore|Any CPU.ActiveCfg = Release|Any CPU
		{2E8EB22E-40D3-40D5-8789-C9E3FB3A660E}.AppStore|Any CPU.Build.0 = Release|Any CPU
		{2E8EB22E-40D3-40D5-8789-C9E3FB3A660E}.AppStore|ARM.ActiveCfg = Release|Any CPU
		{2E8EB22E-40D3-40D5-8789-C9E3FB3A660E}.AppStore|ARM.Build.0 = Release|Any CPU
		{2E8EB22E-40D3-40D5-8789-C9E3FB3A660E}.AppStore|iPhone.ActiveCfg = Release|Any CPU
		{2E8EB22E-40D3-40D5-8789-C9E3FB3A660E}.AppStore|iPhone.Build.0 = Release|Any CPU
		{2E8EB22E-40D3-40D5-8789-C9E3FB3A660E}.AppStore|iPhoneSimulator.ActiveCfg = Release|Any CPU
		{2E8EB22E-40D3-40D5-8789-C9E3FB3A660E}.AppStore|iPhoneSimulator.Build.0 = Release|Any CPU
		{2E8EB22E-40D3-40D5-8789-C9E3FB3A660E}.AppStore|x64.ActiveCfg = Release|Any CPU
		{2E8EB22E-40D3-40D5-8789-C9E3FB3A660E}.AppStore|x64.Build.0 = Release|Any CPU
		{2E8EB22E-40D3-40D5-8789-C9E3FB3A660E}.AppStore|x86.ActiveCfg = Release|Any CPU
		{2E8EB22E-40D3-40D5-8789-C9E3FB3A660E}.AppStore|x86.Build.0 = Release|Any CPU
		{2E8EB22E-40D3-40D5-8789-C9E3FB3A660E}.Debug|Any CPU.ActiveCfg = Debug|Any CPU
		{2E8EB22E-40D3-40D5-8789-C9E3FB3A660E}.Debug|Any CPU.Build.0 = Debug|Any CPU
		{2E8EB22E-40D3-40D5-8789-C9E3FB3A660E}.Debug|ARM.ActiveCfg = Debug|Any CPU
		{2E8EB22E-40D3-40D5-8789-C9E3FB3A660E}.Debug|ARM.Build.0 = Debug|Any CPU
		{2E8EB22E-40D3-40D5-8789-C9E3FB3A660E}.Debug|iPhone.ActiveCfg = Debug|Any CPU
		{2E8EB22E-40D3-40D5-8789-C9E3FB3A660E}.Debug|iPhone.Build.0 = Debug|Any CPU
		{2E8EB22E-40D3-40D5-8789-C9E3FB3A660E}.Debug|iPhoneSimulator.ActiveCfg = Debug|Any CPU
		{2E8EB22E-40D3-40D5-8789-C9E3FB3A660E}.Debug|iPhoneSimulator.Build.0 = Debug|Any CPU
		{2E8EB22E-40D3-40D5-8789-C9E3FB3A660E}.Debug|x64.ActiveCfg = Debug|Any CPU
		{2E8EB22E-40D3-40D5-8789-C9E3FB3A660E}.Debug|x64.Build.0 = Debug|Any CPU
		{2E8EB22E-40D3-40D5-8789-C9E3FB3A660E}.Debug|x86.ActiveCfg = Debug|Any CPU
		{2E8EB22E-40D3-40D5-8789-C9E3FB3A660E}.Debug|x86.Build.0 = Debug|Any CPU
		{2E8EB22E-40D3-40D5-8789-C9E3FB3A660E}.Release|Any CPU.ActiveCfg = Release|Any CPU
		{2E8EB22E-40D3-40D5-8789-C9E3FB3A660E}.Release|Any CPU.Build.0 = Release|Any CPU
		{2E8EB22E-40D3-40D5-8789-C9E3FB3A660E}.Release|ARM.ActiveCfg = Release|Any CPU
		{2E8EB22E-40D3-40D5-8789-C9E3FB3A660E}.Release|ARM.Build.0 = Release|Any CPU
		{2E8EB22E-40D3-40D5-8789-C9E3FB3A660E}.Release|iPhone.ActiveCfg = Release|Any CPU
		{2E8EB22E-40D3-40D5-8789-C9E3FB3A660E}.Release|iPhone.Build.0 = Release|Any CPU
		{2E8EB22E-40D3-40D5-8789-C9E3FB3A660E}.Release|iPhoneSimulator.ActiveCfg = Release|Any CPU
		{2E8EB22E-40D3-40D5-8789-C9E3FB3A660E}.Release|iPhoneSimulator.Build.0 = Release|Any CPU
		{2E8EB22E-40D3-40D5-8789-C9E3FB3A660E}.Release|x64.ActiveCfg = Release|Any CPU
		{2E8EB22E-40D3-40D5-8789-C9E3FB3A660E}.Release|x64.Build.0 = Release|Any CPU
		{2E8EB22E-40D3-40D5-8789-C9E3FB3A660E}.Release|x86.ActiveCfg = Release|Any CPU
		{2E8EB22E-40D3-40D5-8789-C9E3FB3A660E}.Release|x86.Build.0 = Release|Any CPU
	EndGlobalSection
	GlobalSection(SolutionProperties) = preSolution
		HideSolutionNode = FALSE
	EndGlobalSection
EndGlobal
